{
  "name": "simple",
  "requires": true,
  "lockfileVersion": 1,
  "dependencies": {
    "@lrnwebcomponents/citation-element": {
      "version": "0.0.39",
      "resolved": "https://registry.npmjs.org/@lrnwebcomponents/citation-element/-/citation-element-0.0.39.tgz",
      "integrity": "sha512-kwpYAV6PrXeFU0o0TRnB38Z7F3F9slzJYVl+UYQpYIXLv2YbeWKygDei6Oi+oGN8XeoFw/BbxBRVmSizzDR96w==",
      "requires": {
        "@lrnwebcomponents/hax-body-behaviors": "^0.0.39",
        "@lrnwebcomponents/schema-behaviors": "^0.0.39",
        "@polymer/polymer": "^3.0.5"
      }
    },
    "@lrnwebcomponents/hax-body-behaviors": {
      "version": "0.0.39",
      "resolved": "https://registry.npmjs.org/@lrnwebcomponents/hax-body-behaviors/-/hax-body-behaviors-0.0.39.tgz",
      "integrity": "sha512-e7Ur3DKJHoYQtj/Ub02X8qbPaopjXPdt/eJ2OMlCWcpIlUKbjqoVC5GTveajiOEi7kJmgQXUMJ23bJ512WR+UA==",
      "requires": {
        "@polymer/polymer": "^3.0.5"
      }
    },
    "@lrnwebcomponents/schema-behaviors": {
      "version": "0.0.39",
      "resolved": "https://registry.npmjs.org/@lrnwebcomponents/schema-behaviors/-/schema-behaviors-0.0.39.tgz",
      "integrity": "sha512-C/M8KZBTfRHp7Z2n1kWQP/W0n4hMX8AZb7eO6FcVaNWR0li0iD5BUsIqcy2J5ql9u5UgAiV8vZqJZ387JUnA6g==",
      "requires": {
        "@polymer/polymer": "^3.0.5"
      }
    },
    "@lrnwebcomponents/wikipedia-query": {
      "version": "0.0.39",
      "resolved": "https://registry.npmjs.org/@lrnwebcomponents/wikipedia-query/-/wikipedia-query-0.0.39.tgz",
      "integrity": "sha512-2iLEUyVdDQBLEXUff1LLSdikufIl+/lgGSJcmPsrescBLv5RdtW4muINhhMvQBoUsq9451WdSaJfIjuPjfHtgw==",
      "requires": {
        "@lrnwebcomponents/citation-element": "^0.0.39",
        "@lrnwebcomponents/hax-body-behaviors": "^0.0.39",
        "@lrnwebcomponents/schema-behaviors": "^0.0.39",
        "@polymer/iron-ajax": "^3.0.0",
        "@polymer/polymer": "^3.0.5"
      }
    },
    "@material/animation": {
      "version": "0.40.1",
      "resolved": "https://registry.npmjs.org/@material/animation/-/animation-0.40.1.tgz",
      "integrity": "sha512-HtxFUw04EHg4S6pXfTA3Z0wKxnNDNcDhe1Np2Y2geo+lAk2Hb7m8yCL/GaL9o2I/eRYsgUXC0U7+Mk74GCz3zw=="
    },
    "@material/base": {
      "version": "0.40.1",
      "resolved": "https://registry.npmjs.org/@material/base/-/base-0.40.1.tgz",
      "integrity": "sha512-vrbOK8hONVCYgURQ9h7nkXvMdYnZVVNmAfFFijF8fbWQdwnoPcNTdqV6RoQlhBEqHYHQqLNfdUDlznAPKLclGQ=="
    },
    "@material/button": {
      "version": "0.40.1",
      "resolved": "https://registry.npmjs.org/@material/button/-/button-0.40.1.tgz",
      "integrity": "sha512-xLNjq9zySnpZAP4UynyeXnnlLXf3iIA/6ilecwgF4d2ooUmNXcRdlRa8wGYT36JHsCfsP3AeZOjoTZUcmaiejw==",
      "requires": {
        "@material/elevation": "^0.40.1",
        "@material/ripple": "^0.40.1",
        "@material/rtl": "^0.40.1",
        "@material/shape": "^0.40.1",
        "@material/theme": "^0.40.1",
        "@material/typography": "^0.40.1"
      }
    },
    "@material/elevation": {
      "version": "0.40.1",
      "resolved": "https://registry.npmjs.org/@material/elevation/-/elevation-0.40.1.tgz",
      "integrity": "sha512-VD9ii90WzI+t4df08A9hQIsYLH/N+85a2Mqo10CNVZLZYW5fDOwFH/h7553aNoAuSHKPcGCLdyav9J9oC6TSaQ==",
      "requires": {
        "@material/animation": "^0.40.1",
        "@material/theme": "^0.40.1"
      }
    },
    "@material/mwc-base": {
      "version": "0.3.3",
      "resolved": "https://registry.npmjs.org/@material/mwc-base/-/mwc-base-0.3.3.tgz",
      "integrity": "sha512-AADSX7sydSp1xNOTyjbC7VTdVfPg8AotvL70Kyg+J5dZwZh6rXdEKXb87Bo9KpoHsFG57qZKnedp2zCgq4RWSg==",
      "requires": {
        "@polymer/lit-element": "^0.6.4",
        "lit-html": "^0.14.0"
      }
    },
    "@material/mwc-button": {
      "version": "0.3.3",
      "resolved": "https://registry.npmjs.org/@material/mwc-button/-/mwc-button-0.3.3.tgz",
      "integrity": "sha512-2G2FxaJS0qVFiFGgXhQlE0Pq9sC73rpRaI31VDTlcb63mkTGuHbogRUgXOKnflQ+gk/wxUxc4F+ACIlwgZNbZQ==",
      "requires": {
        "@material/button": "^0.40.0",
        "@material/mwc-base": "^0.3.3",
        "@material/mwc-icon": "^0.3.3",
        "@material/mwc-ripple": "^0.3.3",
        "@polymer/lit-element": "^0.6.4",
        "lit-html": "^0.14.0"
      }
    },
    "@material/mwc-icon": {
      "version": "0.3.3",
      "resolved": "https://registry.npmjs.org/@material/mwc-icon/-/mwc-icon-0.3.3.tgz",
      "integrity": "sha512-yKQ/9QsgyR1JZmwgwoVeihvinYPOHvVVga150e/ECZuS7bO1Oy2Lr/gZHEoNjQt5LIOV+UUwsAPzRp0/9s8Dfw==",
      "requires": {
        "@material/mwc-base": "^0.3.3",
        "@polymer/lit-element": "^0.6.4"
      }
    },
    "@material/mwc-ripple": {
      "version": "0.3.3",
      "resolved": "https://registry.npmjs.org/@material/mwc-ripple/-/mwc-ripple-0.3.3.tgz",
      "integrity": "sha512-Tkk9qhis+/w8oMFASVMUE/FO4sTDgn6xHKODNNzp9eSzzbVqWDe77Ig91daMSfAEj+eRFeH5FHGkVf5KCWmIJw==",
      "requires": {
        "@material/mwc-base": "^0.3.3",
        "@material/ripple": "^0.40.0",
        "@polymer/lit-element": "^0.6.4",
        "lit-html": "^0.14.0"
      }
    },
    "@material/ripple": {
      "version": "0.40.1",
      "resolved": "https://registry.npmjs.org/@material/ripple/-/ripple-0.40.1.tgz",
      "integrity": "sha512-sndeTS4VHa0v1UGj7MNcxMCuO9LJ1DjoL1EjE6BH3Lm3M1MnXJHdsBo2CgPbU/FI84tt6+eyHGOYPdPrEDJhCA==",
      "requires": {
        "@material/animation": "^0.40.1",
        "@material/base": "^0.40.1",
        "@material/theme": "^0.40.1"
      }
    },
    "@material/rtl": {
      "version": "0.40.1",
      "resolved": "https://registry.npmjs.org/@material/rtl/-/rtl-0.40.1.tgz",
      "integrity": "sha512-Pk6Iw1/KrhWZoZtkDsPMDUW0bm7Z1zeXb3MTQRCFmjf1wU5cRxgOTtuoZLcJqlcKGppLAzJL/TJV3E7KEiuL0A=="
    },
    "@material/shape": {
      "version": "0.40.1",
      "resolved": "https://registry.npmjs.org/@material/shape/-/shape-0.40.1.tgz",
      "integrity": "sha512-o1pw5+s/jWqsKbUAkCCaEcB8XLqJ4FlZhYfSvxZ88WRw9zoWOt9iQMMP82wLWhUX1DSzpNRI8BAD7aNLK6yRlA=="
    },
    "@material/theme": {
      "version": "0.40.1",
      "resolved": "https://registry.npmjs.org/@material/theme/-/theme-0.40.1.tgz",
      "integrity": "sha512-cH1CsGIDisEQ2oroZhLTypV0Ir00x3WIwFXnPo7qv3832tuIDkZY623U3rUax6KNPz4Hh1j0tNpTwgrNZwvwWA=="
    },
    "@material/typography": {
      "version": "0.40.1",
      "resolved": "https://registry.npmjs.org/@material/typography/-/typography-0.40.1.tgz",
      "integrity": "sha512-LkW2tAsId8zGKxGA5VIFXV/D1h4vCHQIuALRMaDpHbNGffgr2ubtJNvCh2EQkm19MTv4igVLEjn1Svh0dXcTpA=="
    },
    "@polymer/iron-ajax": {
      "version": "3.0.1",
      "resolved": "https://registry.npmjs.org/@polymer/iron-ajax/-/iron-ajax-3.0.1.tgz",
      "integrity": "sha512-7+TPEAfWsRdhj1Y8UeF1759ktpVu+c3sG16rJiUC3wF9+woQ9xI1zUm2d59i7Yc3aDEJrR/Q8Y262KlOvyGVNg==",
      "requires": {
        "@polymer/polymer": "^3.0.0"
      }
    },
    "@polymer/lit-element": {
      "version": "0.6.4",
      "resolved": "https://registry.npmjs.org/@polymer/lit-element/-/lit-element-0.6.4.tgz",
      "integrity": "sha512-5EsrZJebIE1plULhMtC21zpryzJNFxM63/XY7G2BvzX/zd2rSPuNsqXiBK2x76TniLDaxuD4Tj6eb3WgR1OoCg==",
      "requires": {
        "lit-html": "^0.14.0"
      }
    },
    "@polymer/polymer": {
      "version": "3.1.0",
      "resolved": "https://registry.npmjs.org/@polymer/polymer/-/polymer-3.1.0.tgz",
      "integrity": "sha512-hwN8IMERsFATz/9dSMxYHL+84J9uBkPuuarxJWlTsppZ4CAYTZKnepBfNrKoyNsafBmA3yXBiiKPPf+fJtza7A==",
      "requires": {
        "@webcomponents/shadycss": "^1.5.2"
      }
    },
    "@polymer/test-fixture": {
      "version": "4.0.2",
      "resolved": "https://registry.npmjs.org/@polymer/test-fixture/-/test-fixture-4.0.2.tgz",
      "integrity": "sha512-tLX8tFE4mkc4p84YG5239G0hbgTVv2irZYrSyO0OblUqIRbRoCPmbydm3HRFQkJeAB3rPCtyeZ2roJULsmTG3A==",
      "dev": true
    },
    "@webcomponents/shadycss": {
      "version": "1.7.1",
      "resolved": "https://registry.npmjs.org/@webcomponents/shadycss/-/shadycss-1.7.1.tgz",
      "integrity": "sha512-6SZqLajRPWL0rrKDZOGF8PCBq5B9JqgFmE5rX5psk6i8WrqiMkSCuO8+rnirzViTsU5CqnjQPFC3OvG4YJdMrQ=="
    },
    "@webcomponents/webcomponentsjs": {
      "version": "2.2.1",
      "resolved": "https://registry.npmjs.org/@webcomponents/webcomponentsjs/-/webcomponentsjs-2.2.1.tgz",
      "integrity": "sha512-lZZ+Lkke6JhsJcQQqSVk1Pny6/8y4qhJ98LO7a/MwBSRO8WqHqK1X2vscfeL8vOnYGFnmBUyVG95lwYv/AXyLQ==",
      "dev": true
    },
    "assertion-error": {
      "version": "1.1.0",
      "resolved": "https://registry.npmjs.org/assertion-error/-/assertion-error-1.1.0.tgz",
      "integrity": "sha512-jgsaNduz+ndvGyFt3uSuWqvy4lCnIJiovtouQN5JZHOKCS2QuhEdbcQHFhVksz2N2U9hXJo8odG7ETyWlEeuDw==",
      "dev": true
    },
    "balanced-match": {
      "version": "1.0.0",
      "resolved": "https://registry.npmjs.org/balanced-match/-/balanced-match-1.0.0.tgz",
      "integrity": "sha1-ibTRmasr7kneFk6gK4nORi1xt2c=",
      "dev": true
    },
    "brace-expansion": {
      "version": "1.1.11",
      "resolved": "https://registry.npmjs.org/brace-expansion/-/brace-expansion-1.1.11.tgz",
      "integrity": "sha512-iCuPHDFgrHX7H2vEI/5xpz07zSHB00TpugqhmYtVmMO6518mCuRMoOYFldEBl0g187ufozdaHgWKcYFb61qGiA==",
      "dev": true,
      "requires": {
        "balanced-match": "^1.0.0",
        "concat-map": "0.0.1"
      }
    },
    "browser-stdout": {
      "version": "1.3.1",
      "resolved": "https://registry.npmjs.org/browser-stdout/-/browser-stdout-1.3.1.tgz",
      "integrity": "sha512-qhAVI1+Av2X7qelOfAIYwXONood6XlZE/fXaBSmW/T5SzLAmCgzi+eiWE7fUvbHaeNBQH13UftjpXxsfLkMpgw==",
      "dev": true
    },
    "chai": {
      "version": "4.2.0",
      "resolved": "https://registry.npmjs.org/chai/-/chai-4.2.0.tgz",
      "integrity": "sha512-XQU3bhBukrOsQCuwZndwGcCVQHyZi53fQ6Ys1Fym7E4olpIqqZZhhoFJoaKVvV17lWQoXYwgWN2nF5crA8J2jw==",
      "dev": true,
      "requires": {
        "assertion-error": "^1.1.0",
        "check-error": "^1.0.2",
        "deep-eql": "^3.0.1",
        "get-func-name": "^2.0.0",
        "pathval": "^1.1.0",
        "type-detect": "^4.0.5"
      }
    },
    "check-error": {
      "version": "1.0.2",
      "resolved": "https://registry.npmjs.org/check-error/-/check-error-1.0.2.tgz",
      "integrity": "sha1-V00xLt2Iu13YkS6Sht1sCu1KrII=",
      "dev": true
    },
    "commander": {
      "version": "2.15.1",
      "resolved": "http://registry.npmjs.org/commander/-/commander-2.15.1.tgz",
      "integrity": "sha512-VlfT9F3V0v+jr4yxPc5gg9s62/fIVWsd2Bk2iD435um1NlGMYdVCq+MjcXnhYq2icNOizHr1kK+5TI6H0Hy0ag==",
      "dev": true
    },
    "concat-map": {
      "version": "0.0.1",
      "resolved": "https://registry.npmjs.org/concat-map/-/concat-map-0.0.1.tgz",
      "integrity": "sha1-2Klr13/Wjfd5OnMDajug1UBdR3s=",
      "dev": true
    },
    "debug": {
      "version": "3.1.0",
      "resolved": "https://registry.npmjs.org/debug/-/debug-3.1.0.tgz",
      "integrity": "sha512-OX8XqP7/1a9cqkxYw2yXss15f26NKWBpDXQd0/uK/KPqdQhxbPa994hnzjcE2VqQpDslf55723cKPUOGSmMY3g==",
      "dev": true,
      "requires": {
        "ms": "2.0.0"
      }
    },
    "deep-eql": {
      "version": "3.0.1",
      "resolved": "https://registry.npmjs.org/deep-eql/-/deep-eql-3.0.1.tgz",
      "integrity": "sha512-+QeIQyN5ZuO+3Uk5DYh6/1eKO0m0YmJFGNmFHGACpf1ClL1nmlV/p4gNgbl2pJGxgXb4faqo6UE+M5ACEMyVcw==",
      "dev": true,
      "requires": {
        "type-detect": "^4.0.0"
      }
    },
    "diff": {
      "version": "3.5.0",
      "resolved": "https://registry.npmjs.org/diff/-/diff-3.5.0.tgz",
      "integrity": "sha512-A46qtFgd+g7pDZinpnwiRJtxbC1hpgf0uzP3iG89scHk0AUC7A1TGxf5OiiOUv/JMZR8GOt8hL900hV0bOy5xA==",
      "dev": true
    },
    "escape-string-regexp": {
      "version": "1.0.5",
      "resolved": "https://registry.npmjs.org/escape-string-regexp/-/escape-string-regexp-1.0.5.tgz",
      "integrity": "sha1-G2HAViGQqN/2rjuyzwIAyhMLhtQ=",
      "dev": true
    },
    "fs.realpath": {
      "version": "1.0.0",
      "resolved": "https://registry.npmjs.org/fs.realpath/-/fs.realpath-1.0.0.tgz",
      "integrity": "sha1-FQStJSMVjKpA20onh8sBQRmU6k8=",
      "dev": true
    },
    "get-func-name": {
      "version": "2.0.0",
      "resolved": "https://registry.npmjs.org/get-func-name/-/get-func-name-2.0.0.tgz",
      "integrity": "sha1-6td0q+5y4gQJQzoGY2YCPdaIekE=",
      "dev": true
    },
    "glob": {
      "version": "7.1.2",
      "resolved": "https://registry.npmjs.org/glob/-/glob-7.1.2.tgz",
      "integrity": "sha512-MJTUg1kjuLeQCJ+ccE4Vpa6kKVXkPYJ2mOCQyUuKLcLQsdrMCpBPUi8qVE6+YuaJkozeA9NusTAw3hLr8Xe5EQ==",
      "dev": true,
      "requires": {
        "fs.realpath": "^1.0.0",
        "inflight": "^1.0.4",
        "inherits": "2",
        "minimatch": "^3.0.4",
        "once": "^1.3.0",
        "path-is-absolute": "^1.0.0"
      }
    },
    "growl": {
      "version": "1.10.5",
      "resolved": "https://registry.npmjs.org/growl/-/growl-1.10.5.tgz",
      "integrity": "sha512-qBr4OuELkhPenW6goKVXiv47US3clb3/IbuWF9KNKEijAy9oeHxU9IgzjvJhHkUzhaj7rOUD7+YGWqUjLp5oSA==",
      "dev": true
    },
    "has-flag": {
      "version": "3.0.0",
      "resolved": "https://registry.npmjs.org/has-flag/-/has-flag-3.0.0.tgz",
      "integrity": "sha1-tdRU3CGZriJWmfNGfloH87lVuv0=",
      "dev": true
    },
    "he": {
      "version": "1.1.1",
      "resolved": "https://registry.npmjs.org/he/-/he-1.1.1.tgz",
      "integrity": "sha1-k0EP0hsAlzUVH4howvJx80J+I/0=",
      "dev": true
    },
    "inflight": {
      "version": "1.0.6",
      "resolved": "https://registry.npmjs.org/inflight/-/inflight-1.0.6.tgz",
      "integrity": "sha1-Sb1jMdfQLQwJvJEKEHW6gWW1bfk=",
      "dev": true,
      "requires": {
        "once": "^1.3.0",
        "wrappy": "1"
      }
    },
    "inherits": {
      "version": "2.0.3",
      "resolved": "https://registry.npmjs.org/inherits/-/inherits-2.0.3.tgz",
      "integrity": "sha1-Yzwsg+PaQqUC9SRmAiSA9CCCYd4=",
      "dev": true
    },
    "lit-html": {
      "version": "0.14.0",
      "resolved": "https://registry.npmjs.org/lit-html/-/lit-html-0.14.0.tgz",
      "integrity": "sha512-+xqUPzzJGEDqb0F5DOnMXvL0jxpkKebAMlXycKZxFtzlmD+qePEmYrEUPF9XVXcc5eYBzYXTCOUcjSCod4YvgQ=="
    },
    "minimatch": {
      "version": "3.0.4",
      "resolved": "https://registry.npmjs.org/minimatch/-/minimatch-3.0.4.tgz",
      "integrity": "sha512-yJHVQEhyqPLUTgt9B83PXu6W3rx4MvvHvSUvToogpwoGDOUQ+yDrR0HRot+yOCdCO7u4hX3pWft6kWBBcqh0UA==",
      "dev": true,
      "requires": {
        "brace-expansion": "^1.1.7"
      }
    },
    "minimist": {
      "version": "0.0.8",
      "resolved": "http://registry.npmjs.org/minimist/-/minimist-0.0.8.tgz",
      "integrity": "sha1-hX/Kv8M5fSYluCKCYuhqp6ARsF0=",
      "dev": true
    },
    "mkdirp": {
      "version": "0.5.1",
      "resolved": "http://registry.npmjs.org/mkdirp/-/mkdirp-0.5.1.tgz",
      "integrity": "sha1-MAV0OOrGz3+MR2fzhkjWaX11yQM=",
      "dev": true,
      "requires": {
        "minimist": "0.0.8"
      }
    },
    "mocha": {
      "version": "5.2.0",
      "resolved": "https://registry.npmjs.org/mocha/-/mocha-5.2.0.tgz",
      "integrity": "sha512-2IUgKDhc3J7Uug+FxMXuqIyYzH7gJjXECKe/w43IGgQHTSj3InJi+yAA7T24L9bQMRKiUEHxEX37G5JpVUGLcQ==",
      "dev": true,
      "requires": {
        "browser-stdout": "1.3.1",
        "commander": "2.15.1",
        "debug": "3.1.0",
        "diff": "3.5.0",
        "escape-string-regexp": "1.0.5",
        "glob": "7.1.2",
        "growl": "1.10.5",
        "he": "1.1.1",
        "minimatch": "3.0.4",
        "mkdirp": "0.5.1",
        "supports-color": "5.4.0"
      }
    },
    "ms": {
      "version": "2.0.0",
      "resolved": "https://registry.npmjs.org/ms/-/ms-2.0.0.tgz",
      "integrity": "sha1-VgiurfwAvmwpAd9fmGF4jeDVl8g=",
      "dev": true
    },
    "once": {
      "version": "1.4.0",
      "resolved": "https://registry.npmjs.org/once/-/once-1.4.0.tgz",
      "integrity": "sha1-WDsap3WWHUsROsF9nFC6753Xa9E=",
      "dev": true,
      "requires": {
        "wrappy": "1"
      }
    },
    "path-is-absolute": {
      "version": "1.0.1",
      "resolved": "http://registry.npmjs.org/path-is-absolute/-/path-is-absolute-1.0.1.tgz",
      "integrity": "sha1-F0uSaHNVNP+8es5r9TpanhtcX18=",
      "dev": true
    },
    "pathval": {
      "version": "1.1.0",
      "resolved": "https://registry.npmjs.org/pathval/-/pathval-1.1.0.tgz",
      "integrity": "sha1-uULm1L3mUwBe9rcTYd74cn0GReA=",
      "dev": true
    },
    "supports-color": {
      "version": "5.4.0",
      "resolved": "https://registry.npmjs.org/supports-color/-/supports-color-5.4.0.tgz",
      "integrity": "sha512-zjaXglF5nnWpsq470jSv6P9DwPvgLkuapYmfDm3JWOm0vkNTVF2tI4UrN2r6jH1qM/uc/WtxYY1hYoA2dOKj5w==",
      "dev": true,
      "requires": {
        "has-flag": "^3.0.0"
      }
    },
    "type-detect": {
      "version": "4.0.8",
      "resolved": "https://registry.npmjs.org/type-detect/-/type-detect-4.0.8.tgz",
      "integrity": "sha512-0fr/mIH1dlO+x7TlcMy+bIDqKPsw/70tVyeHW787goQjhmqaZe10uwLujubK9q9Lg6Fiho1KUKDYz0Z7k7g5/g==",
      "dev": true
    },
    "wct-mocha": {
      "version": "1.0.0",
      "resolved": "https://registry.npmjs.org/wct-mocha/-/wct-mocha-1.0.0.tgz",
      "integrity": "sha512-rvDjW4kJMV8/lpihKMDHMZwycT5ALtoLni/Q0Ggdg1rPRpIW5pjoslSR/UIl2gWRMYqAs9nFRVYxASwEYG6brA==",
      "dev": true
    },
    "wrappy": {
      "version": "1.0.2",
      "resolved": "https://registry.npmjs.org/wrappy/-/wrappy-1.0.2.tgz",
      "integrity": "sha1-tSQ9jz7BqjXxNkYFvA0QNuMKtp8=",
      "dev": true
    }
  }
}
